
Microsoft Visual Studio Solution File, Format Version 12.00
# Visual Studio Version 16
VisualStudioVersion = 16.0.32106.194
MinimumVisualStudioVersion = 10.0.40219.1
Project("{FAE04EC0-301F-11D3-BF4B-00C04F79EFBC}") = "BigSister", "BigSister\BigSister.csproj", "{472D9037-591D-4882-B92A-A5F3740FB54F}"
EndProject
Project("{9A19103F-16F7-4668-BE54-9A1E7A4F7556}") = "WCFService1ClientConsole", "WCFService1ClientConsole\WCFService1ClientConsole.csproj", "{78EF8A58-CDE5-4FCC-AB0F-B7C661E1701E}"
EndProject
Project("{FAE04EC0-301F-11D3-BF4B-00C04F79EFBC}") = "BigSisterUnitTest", "BigSisterUnitTest\BigSisterUnitTest.csproj", "{7431FF74-8760-41A6-AD38-5115FA81A504}"
EndProject
Global
	GlobalSection(SolutionConfigurationPlatforms) = preSolution
		Debug|Any CPU = Debug|Any CPU
		Release|Any CPU = Release|Any CPU
	EndGlobalSection
	GlobalSection(ProjectConfigurationPlatforms) = postSolution
		{472D9037-591D-4882-B92A-A5F3740FB54F}.Debug|Any CPU.ActiveCfg = Debug|Any CPU
		{472D9037-591D-4882-B92A-A5F3740FB54F}.Debug|Any CPU.Build.0 = Debug|Any CPU
		{472D9037-591D-4882-B92A-A5F3740FB54F}.Release|Any CPU.ActiveCfg = Release|Any CPU
		{472D9037-591D-4882-B92A-A5F3740FB54F}.Release|Any CPU.Build.0 = Release|Any CPU
		{78EF8A58-CDE5-4FCC-AB0F-B7C661E1701E}.Debug|Any CPU.ActiveCfg = Debug|Any CPU
		{78EF8A58-CDE5-4FCC-AB0F-B7C661E1701E}.Debug|Any CPU.Build.0 = Debug|Any CPU
		{78EF8A58-CDE5-4FCC-AB0F-B7C661E1701E}.Release|Any CPU.ActiveCfg = Release|Any CPU
		{78EF8A58-CDE5-4FCC-AB0F-B7C661E1701E}.Release|Any CPU.Build.0 = Release|Any CPU
		{7431FF74-8760-41A6-AD38-5115FA81A504}.Debug|Any CPU.ActiveCfg = Debug|Any CPU
		{7431FF74-8760-41A6-AD38-5115FA81A504}.Debug|Any CPU.Build.0 = Debug|Any CPU
		{7431FF74-8760-41A6-AD38-5115FA81A504}.Release|Any CPU.ActiveCfg = Release|Any CPU
		{7431FF74-8760-41A6-AD38-5115FA81A504}.Release|Any CPU.Build.0 = Release|Any CPU
	EndGlobalSection
	GlobalSection(SolutionProperties) = preSolution
		HideSolutionNode = FALSE
	EndGlobalSection
	GlobalSection(ExtensibilityGlobals) = postSolution
		SolutionGuid = {42EB05E1-FFE5-47F8-A87A-ED074D19F84E}
	EndGlobalSection
EndGlobal
